// !$*UTF8*$!
{
	archiveVersion = 1;
	classes = {
	};
	objectVersion = 51;
	objects = {

/* Begin PBXBuildFile section */
		49A45927260A50AB002ACB59 /* AppDelegate.swift in Sources */ = {isa = PBXBuildFile; fileRef = 49A45926260A50AB002ACB59 /* AppDelegate.swift */; };
		49A45929260A50AB002ACB59 /* SceneDelegate.swift in Sources */ = {isa = PBXBuildFile; fileRef = 49A45928260A50AB002ACB59 /* SceneDelegate.swift */; };
		49A4592B260A50AB002ACB59 /* ViewController.swift in Sources */ = {isa = PBXBuildFile; fileRef = 49A4592A260A50AB002ACB59 /* ViewController.swift */; };
		49A4592E260A50AB002ACB59 /* Main.storyboard in Resources */ = {isa = PBXBuildFile; fileRef = 49A4592C260A50AB002ACB59 /* Main.storyboard */; };
		49A45931260A50AB002ACB59 /* MissedCalls.xcdatamodeld in Sources */ = {isa = PBXBuildFile; fileRef = 49A4592F260A50AB002ACB59 /* MissedCalls.xcdatamodeld */; };
		49A45933260A50AC002ACB59 /* Assets.xcassets in Resources */ = {isa = PBXBuildFile; fileRef = 49A45932260A50AC002ACB59 /* Assets.xcassets */; };
		49A45936260A50AC002ACB59 /* LaunchScreen.storyboard in Resources */ = {isa = PBXBuildFile; fileRef = 49A45934260A50AC002ACB59 /* LaunchScreen.storyboard */; };
		49A45941260A50AC002ACB59 /* MissedCallsTests.swift in Sources */ = {isa = PBXBuildFile; fileRef = 49A45940260A50AC002ACB59 /* MissedCallsTests.swift */; };
		49A4594C260A50AC002ACB59 /* MissedCallsUITests.swift in Sources */ = {isa = PBXBuildFile; fileRef = 49A4594B260A50AC002ACB59 /* MissedCallsUITests.swift */; };
		49A459B2260A78C2002ACB59 /* ViewCalls.swift in Sources */ = {isa = PBXBuildFile; fileRef = 49A459B1260A78C2002ACB59 /* ViewCalls.swift */; };
		49A459B8260A78E9002ACB59 /* ViewModel.swift in Sources */ = {isa = PBXBuildFile; fileRef = 49A459B7260A78E9002ACB59 /* ViewModel.swift */; };
		693B319AD3BC2B3E6D6A833C /* Pods_MissedCalls.framework in Frameworks */ = {isa = PBXBuildFile; fileRef = 81D7D270304E97A6016A55AC /* Pods_MissedCalls.framework */; };
/* End PBXBuildFile section */

/* Begin PBXContainerItemProxy section */
		49A4593D260A50AC002ACB59 /* PBXContainerItemProxy */ = {
			isa = PBXContainerItemProxy;
			containerPortal = 49A4591B260A50AB002ACB59 /* Project object */;
			proxyType = 1;
			remoteGlobalIDString = 49A45922260A50AB002ACB59;
			remoteInfo = MissedCalls;
		};
		49A45948260A50AC002ACB59 /* PBXContainerItemProxy */ = {
			isa = PBXContainerItemProxy;
			containerPortal = 49A4591B260A50AB002ACB59 /* Project object */;
			proxyType = 1;
			remoteGlobalIDString = 49A45922260A50AB002ACB59;
			remoteInfo = MissedCalls;
		};
/* End PBXContainerItemProxy section */

/* Begin PBXFileReference section */
		0949ADC1F356CE5E318B41AA /* Pods-MissedCalls.release.xcconfig */ = {isa = PBXFileReference; includeInIndex = 1; lastKnownFileType = text.xcconfig; name = "Pods-MissedCalls.release.xcconfig"; path = "Target Support Files/Pods-MissedCalls/Pods-MissedCalls.release.xcconfig"; sourceTree = "<group>"; };
		49A45923260A50AB002ACB59 /* MissedCalls.app */ = {isa = PBXFileReference; explicitFileType = wrapper.application; includeInIndex = 0; path = MissedCalls.app; sourceTree = BUILT_PRODUCTS_DIR; };
		49A45926260A50AB002ACB59 /* AppDelegate.swift */ = {isa = PBXFileReference; lastKnownFileType = sourcecode.swift; path = AppDelegate.swift; sourceTree = "<group>"; };
		49A45928260A50AB002ACB59 /* SceneDelegate.swift */ = {isa = PBXFileReference; lastKnownFileType = sourcecode.swift; path = SceneDelegate.swift; sourceTree = "<group>"; };
		49A4592A260A50AB002ACB59 /* ViewController.swift */ = {isa = PBXFileReference; lastKnownFileType = sourcecode.swift; path = ViewController.swift; sourceTree = "<group>"; };
		49A4592D260A50AB002ACB59 /* Base */ = {isa = PBXFileReference; lastKnownFileType = file.storyboard; name = Base; path = Base.lproj/Main.storyboard; sourceTree = "<group>"; };
		49A45930260A50AB002ACB59 /* MissedCalls.xcdatamodel */ = {isa = PBXFileReference; lastKnownFileType = wrapper.xcdatamodel; path = MissedCalls.xcdatamodel; sourceTree = "<group>"; };
		49A45932260A50AC002ACB59 /* Assets.xcassets */ = {isa = PBXFileReference; lastKnownFileType = folder.assetcatalog; path = Assets.xcassets; sourceTree = "<group>"; };
		49A45935260A50AC002ACB59 /* Base */ = {isa = PBXFileReference; lastKnownFileType = file.storyboard; name = Base; path = Base.lproj/LaunchScreen.storyboard; sourceTree = "<group>"; };
		49A45937260A50AC002ACB59 /* Info.plist */ = {isa = PBXFileReference; lastKnownFileType = text.plist.xml; path = Info.plist; sourceTree = "<group>"; };
		49A4593C260A50AC002ACB59 /* MissedCallsTests.xctest */ = {isa = PBXFileReference; explicitFileType = wrapper.cfbundle; includeInIndex = 0; path = MissedCallsTests.xctest; sourceTree = BUILT_PRODUCTS_DIR; };
		49A45940260A50AC002ACB59 /* MissedCallsTests.swift */ = {isa = PBXFileReference; lastKnownFileType = sourcecode.swift; path = MissedCallsTests.swift; sourceTree = "<group>"; };
		49A45942260A50AC002ACB59 /* Info.plist */ = {isa = PBXFileReference; lastKnownFileType = text.plist.xml; path = Info.plist; sourceTree = "<group>"; };
		49A45947260A50AC002ACB59 /* MissedCallsUITests.xctest */ = {isa = PBXFileReference; explicitFileType = wrapper.cfbundle; includeInIndex = 0; path = MissedCallsUITests.xctest; sourceTree = BUILT_PRODUCTS_DIR; };
		49A4594B260A50AC002ACB59 /* MissedCallsUITests.swift */ = {isa = PBXFileReference; lastKnownFileType = sourcecode.swift; path = MissedCallsUITests.swift; sourceTree = "<group>"; };
		49A4594D260A50AC002ACB59 /* Info.plist */ = {isa = PBXFileReference; lastKnownFileType = text.plist.xml; path = Info.plist; sourceTree = "<group>"; };
		49A459B1260A78C2002ACB59 /* ViewCalls.swift */ = {isa = PBXFileReference; lastKnownFileType = sourcecode.swift; path = ViewCalls.swift; sourceTree = "<group>"; };
		49A459B7260A78E9002ACB59 /* ViewModel.swift */ = {isa = PBXFileReference; lastKnownFileType = sourcecode.swift; path = ViewModel.swift; sourceTree = "<group>"; };
		73E1A37D1B01AEB212DA80D0 /* Pods-MissedCalls.debug.xcconfig */ = {isa = PBXFileReference; includeInIndex = 1; lastKnownFileType = text.xcconfig; name = "Pods-MissedCalls.debug.xcconfig"; path = "Target Support Files/Pods-MissedCalls/Pods-MissedCalls.debug.xcconfig"; sourceTree = "<group>"; };
		81D7D270304E97A6016A55AC /* Pods_MissedCalls.framework */ = {isa = PBXFileReference; explicitFileType = wrapper.framework; includeInIndex = 0; path = Pods_MissedCalls.framework; sourceTree = BUILT_PRODUCTS_DIR; };
/* End PBXFileReference section */

/* Begin PBXFrameworksBuildPhase section */
		49A45920260A50AB002ACB59 /* Frameworks */ = {
			isa = PBXFrameworksBuildPhase;
			buildActionMask = 2147483647;
			files = (
				693B319AD3BC2B3E6D6A833C /* Pods_MissedCalls.framework in Frameworks */,
			);
			runOnlyForDeploymentPostprocessing = 0;
		};
		49A45939260A50AC002ACB59 /* Frameworks */ = {
			isa = PBXFrameworksBuildPhase;
			buildActionMask = 2147483647;
			files = (
			);
			runOnlyForDeploymentPostprocessing = 0;
		};
		49A45944260A50AC002ACB59 /* Frameworks */ = {
			isa = PBXFrameworksBuildPhase;
			buildActionMask = 2147483647;
			files = (
			);
			runOnlyForDeploymentPostprocessing = 0;
		};
/* End PBXFrameworksBuildPhase section */

/* Begin PBXGroup section */
		30D0480E9D81A9A0B62A0145 /* Frameworks */ = {
			isa = PBXGroup;
			children = (
				81D7D270304E97A6016A55AC /* Pods_MissedCalls.framework */,
			);
			name = Frameworks;
			sourceTree = "<group>";
		};
		45FD8E4C8CF1A5CF78BF7D5E /* Pods */ = {
			isa = PBXGroup;
			children = (
				73E1A37D1B01AEB212DA80D0 /* Pods-MissedCalls.debug.xcconfig */,
				0949ADC1F356CE5E318B41AA /* Pods-MissedCalls.release.xcconfig */,
			);
			path = Pods;
			sourceTree = "<group>";
		};
		49A4591A260A50AB002ACB59 = {
			isa = PBXGroup;
			children = (
				49A45925260A50AB002ACB59 /* MissedCalls */,
				49A4593F260A50AC002ACB59 /* MissedCallsTests */,
				49A4594A260A50AC002ACB59 /* MissedCallsUITests */,
				49A45924260A50AB002ACB59 /* Products */,
				45FD8E4C8CF1A5CF78BF7D5E /* Pods */,
				30D0480E9D81A9A0B62A0145 /* Frameworks */,
			);
			sourceTree = "<group>";
		};
		49A45924260A50AB002ACB59 /* Products */ = {
			isa = PBXGroup;
			children = (
				49A45923260A50AB002ACB59 /* MissedCalls.app */,
				49A4593C260A50AC002ACB59 /* MissedCallsTests.xctest */,
				49A45947260A50AC002ACB59 /* MissedCallsUITests.xctest */,
			);
			name = Products;
			sourceTree = "<group>";
		};
		49A45925260A50AB002ACB59 /* MissedCalls */ = {
			isa = PBXGroup;
			children = (
				49A45926260A50AB002ACB59 /* AppDelegate.swift */,
				49A45928260A50AB002ACB59 /* SceneDelegate.swift */,
				49A459B6260A78CC002ACB59 /* Model */,
				49A459AD260A78AA002ACB59 /* View */,
				49A459BF260A78ED002ACB59 /* ViewModel */,
				49A4592C260A50AB002ACB59 /* Main.storyboard */,
				49A45932260A50AC002ACB59 /* Assets.xcassets */,
				49A45934260A50AC002ACB59 /* LaunchScreen.storyboard */,
				49A45937260A50AC002ACB59 /* Info.plist */,
				49A4592F260A50AB002ACB59 /* MissedCalls.xcdatamodeld */,
			);
			path = MissedCalls;
			sourceTree = "<group>";
		};
		49A4593F260A50AC002ACB59 /* MissedCallsTests */ = {
			isa = PBXGroup;
			children = (
				49A45940260A50AC002ACB59 /* MissedCallsTests.swift */,
				49A45942260A50AC002ACB59 /* Info.plist */,
			);
			path = MissedCallsTests;
			sourceTree = "<group>";
		};
		49A4594A260A50AC002ACB59 /* MissedCallsUITests */ = {
			isa = PBXGroup;
			children = (
				49A4594B260A50AC002ACB59 /* MissedCallsUITests.swift */,
				49A4594D260A50AC002ACB59 /* Info.plist */,
			);
			path = MissedCallsUITests;
			sourceTree = "<group>";
		};
		49A459AD260A78AA002ACB59 /* View */ = {
			isa = PBXGroup;
			children = (
				49A4592A260A50AB002ACB59 /* ViewController.swift */,
			);
			path = View;
			sourceTree = "<group>";
		};
		49A459B6260A78CC002ACB59 /* Model */ = {
			isa = PBXGroup;
			children = (
				49A459B1260A78C2002ACB59 /* ViewCalls.swift */,
			);
			path = Model;
			sourceTree = "<group>";
		};
		49A459BF260A78ED002ACB59 /* ViewModel */ = {
			isa = PBXGroup;
			children = (
				49A459B7260A78E9002ACB59 /* ViewModel.swift */,
			);
			path = ViewModel;
			sourceTree = "<group>";
		};
/* End PBXGroup section */

/* Begin PBXNativeTarget section */
		49A45922260A50AB002ACB59 /* MissedCalls */ = {
			isa = PBXNativeTarget;
			buildConfigurationList = 49A45950260A50AC002ACB59 /* Build configuration list for PBXNativeTarget "MissedCalls" */;
			buildPhases = (
				0E2C1E55A1EA1A912B0E686A /* [CP] Check Pods Manifest.lock */,
				49A4591F260A50AB002ACB59 /* Sources */,
				49A45920260A50AB002ACB59 /* Frameworks */,
				49A45921260A50AB002ACB59 /* Resources */,
				E673B2CD44A1DD8FBBCBB23B /* [CP] Embed Pods Frameworks */,
			);
			buildRules = (
			);
			dependencies = (
			);
			name = MissedCalls;
			productName = MissedCalls;
			productReference = 49A45923260A50AB002ACB59 /* MissedCalls.app */;
			productType = "com.apple.product-type.application";
		};
		49A4593B260A50AC002ACB59 /* MissedCallsTests */ = {
			isa = PBXNativeTarget;
			buildConfigurationList = 49A45953260A50AC002ACB59 /* Build configuration list for PBXNativeTarget "MissedCallsTests" */;
			buildPhases = (
				49A45938260A50AC002ACB59 /* Sources */,
				49A45939260A50AC002ACB59 /* Frameworks */,
				49A4593A260A50AC002ACB59 /* Resources */,
			);
			buildRules = (
			);
			dependencies = (
				49A4593E260A50AC002ACB59 /* PBXTargetDependency */,
			);
			name = MissedCallsTests;
			productName = MissedCallsTests;
			productReference = 49A4593C260A50AC002ACB59 /* MissedCallsTests.xctest */;
			productType = "com.apple.product-type.bundle.unit-test";
		};
		49A45946260A50AC002ACB59 /* MissedCallsUITests */ = {
			isa = PBXNativeTarget;
			buildConfigurationList = 49A45956260A50AC002ACB59 /* Build configuration list for PBXNativeTarget "MissedCallsUITests" */;
			buildPhases = (
				49A45943260A50AC002ACB59 /* Sources */,
				49A45944260A50AC002ACB59 /* Frameworks */,
				49A45945260A50AC002ACB59 /* Resources */,
			);
			buildRules = (
			);
			dependencies = (
				49A45949260A50AC002ACB59 /* PBXTargetDependency */,
			);
			name = MissedCallsUITests;
			productName = MissedCallsUITests;
			productReference = 49A45947260A50AC002ACB59 /* MissedCallsUITests.xctest */;
			productType = "com.apple.product-type.bundle.ui-testing";
		};
/* End PBXNativeTarget section */

/* Begin PBXProject section */
		49A4591B260A50AB002ACB59 /* Project object */ = {
			isa = PBXProject;
			attributes = {
				LastSwiftUpdateCheck = 1240;
				LastUpgradeCheck = 1240;
				TargetAttributes = {
					49A45922260A50AB002ACB59 = {
						CreatedOnToolsVersion = 12.4;
					};
					49A4593B260A50AC002ACB59 = {
						CreatedOnToolsVersion = 12.4;
						TestTargetID = 49A45922260A50AB002ACB59;
					};
					49A45946260A50AC002ACB59 = {
						CreatedOnToolsVersion = 12.4;
						TestTargetID = 49A45922260A50AB002ACB59;
					};
				};
			};
			buildConfigurationList = 49A4591E260A50AB002ACB59 /* Build configuration list for PBXProject "MissedCalls" */;
			compatibilityVersion = "Xcode 9.3";
			developmentRegion = en;
			hasScannedForEncodings = 0;
			knownRegions = (
				en,
				Base,
			);
			mainGroup = 49A4591A260A50AB002ACB59;
			productRefGroup = 49A45924260A50AB002ACB59 /* Products */;
			projectDirPath = "";
			projectRoot = "";
			targets = (
				49A45922260A50AB002ACB59 /* MissedCalls */,
				49A4593B260A50AC002ACB59 /* MissedCallsTests */,
				49A45946260A50AC002ACB59 /* MissedCallsUITests */,
			);
		};
/* End PBXProject section */

/* Begin PBXResourcesBuildPhase section */
		49A45921260A50AB002ACB59 /* Resources */ = {
			isa = PBXResourcesBuildPhase;
			buildActionMask = 2147483647;
			files = (
				49A45936260A50AC002ACB59 /* LaunchScreen.storyboard in Resources */,
				49A45933260A50AC002ACB59 /* Assets.xcassets in Resources */,
				49A4592E260A50AB002ACB59 /* Main.storyboard in Resources */,
			);
			runOnlyForDeploymentPostprocessing = 0;
		};
		49A4593A260A50AC002ACB59 /* Resources */ = {
			isa = PBXResourcesBuildPhase;
			buildActionMask = 2147483647;
			files = (
			);
			runOnlyForDeploymentPostprocessing = 0;
		};
		49A45945260A50AC002ACB59 /* Resources */ = {
			isa = PBXResourcesBuildPhase;
			buildActionMask = 2147483647;
			files = (
			);
			runOnlyForDeploymentPostprocessing = 0;
		};
/* End PBXResourcesBuildPhase section */

/* Begin PBXShellScriptBuildPhase section */
		0E2C1E55A1EA1A912B0E686A /* [CP] Check Pods Manifest.lock */ = {
			isa = PBXShellScriptBuildPhase;
			buildActionMask = 2147483647;
			files = (
			);
			inputFileListPaths = (
			);
			inputPaths = (
				"${PODS_PODFILE_DIR_PATH}/Podfile.lock",
				"${PODS_ROOT}/Manifest.lock",
			);
			name = "[CP] Check Pods Manifest.lock";
			outputFileListPaths = (
			);
			outputPaths = (
				"$(DERIVED_FILE_DIR)/Pods-MissedCalls-checkManifestLockResult.txt",
			);
			runOnlyForDeploymentPostprocessing = 0;
			shellPath = /bin/sh;
			shellScript = "diff \"${PODS_PODFILE_DIR_PATH}/Podfile.lock\" \"${PODS_ROOT}/Manifest.lock\" > /dev/null\nif [ $? != 0 ] ; then\n    # print error to STDERR\n    echo \"error: The sandbox is not in sync with the Podfile.lock. Run 'pod install' or update your CocoaPods installation.\" >&2\n    exit 1\nfi\n# This output is used by Xcode 'outputs' to avoid re-running this script phase.\necho \"SUCCESS\" > \"${SCRIPT_OUTPUT_FILE_0}\"\n";
			showEnvVarsInLog = 0;
		};
		E673B2CD44A1DD8FBBCBB23B /* [CP] Embed Pods Frameworks */ = {
			isa = PBXShellScriptBuildPhase;
			buildActionMask = 2147483647;
			files = (
			);
			inputFileListPaths = (
				"${PODS_ROOT}/Target Support Files/Pods-MissedCalls/Pods-MissedCalls-frameworks-${CONFIGURATION}-input-files.xcfilelist",
			);
			name = "[CP] Embed Pods Frameworks";
			outputFileListPaths = (
				"${PODS_ROOT}/Target Support Files/Pods-MissedCalls/Pods-MissedCalls-frameworks-${CONFIGURATION}-output-files.xcfilelist",
			);
			runOnlyForDeploymentPostprocessing = 0;
			shellPath = /bin/sh;
			shellScript = "\"${PODS_ROOT}/Target Support Files/Pods-MissedCalls/Pods-MissedCalls-frameworks.sh\"\n";
			showEnvVarsInLog = 0;
		};
/* End PBXShellScriptBuildPhase section */

/* Begin PBXSourcesBuildPhase section */
		49A4591F260A50AB002ACB59 /* Sources */ = {
			isa = PBXSourcesBuildPhase;
			buildActionMask = 2147483647;
			files = (
				49A45931260A50AB002ACB59 /* MissedCalls.xcdatamodeld in Sources */,
				49A459B2260A78C2002ACB59 /* ViewCalls.swift in Sources */,
				49A4592B260A50AB002ACB59 /* ViewController.swift in Sources */,
				49A45927260A50AB002ACB59 /* AppDelegate.swift in Sources */,
				49A459B8260A78E9002ACB59 /* ViewModel.swift in Sources */,
				49A45929260A50AB002ACB59 /* SceneDelegate.swift in Sources */,
			);
			runOnlyForDeploymentPostprocessing = 0;
		};
		49A45938260A50AC002ACB59 /* Sources */ = {
			isa = PBXSourcesBuildPhase;
			buildActionMask = 2147483647;
			files = (
				49A45941260A50AC002ACB59 /* MissedCallsTests.swift in Sources */,
			);
			runOnlyForDeploymentPostprocessing = 0;
		};
		49A45943260A50AC002ACB59 /* Sources */ = {
			isa = PBXSourcesBuildPhase;
			buildActionMask = 2147483647;
			files = (
				49A4594C260A50AC002ACB59 /* MissedCallsUITests.swift in Sources */,
			);
			runOnlyForDeploymentPostprocessing = 0;
		};
/* End PBXSourcesBuildPhase section */

/* Begin PBXTargetDependency section */
		49A4593E260A50AC002ACB59 /* PBXTargetDependency */ = {
			isa = PBXTargetDependency;
			target = 49A45922260A50AB002ACB59 /* MissedCalls */;
			targetProxy = 49A4593D260A50AC002ACB59 /* PBXContainerItemProxy */;
		};
		49A45949260A50AC002ACB59 /* PBXTargetDependency */ = {
			isa = PBXTargetDependency;
			target = 49A45922260A50AB002ACB59 /* MissedCalls */;
			targetProxy = 49A45948260A50AC002ACB59 /* PBXContainerItemProxy */;
		};
/* End PBXTargetDependency section */

/* Begin PBXVariantGroup section */
		49A4592C260A50AB002ACB59 /* Main.storyboard */ = {
			isa = PBXVariantGroup;
			children = (
				49A4592D260A50AB002ACB59 /* Base */,
			);
			name = Main.storyboard;
			sourceTree = "<group>";
		};
		49A45934260A50AC002ACB59 /* LaunchScreen.storyboard */ = {
			isa = PBXVariantGroup;
			children = (
				49A45935260A50AC002ACB59 /* Base */,
			);
			name = LaunchScreen.storyboard;
			sourceTree = "<group>";
		};
/* End PBXVariantGroup section */

/* Begin XCBuildConfiguration section */
		49A4594E260A50AC002ACB59 /* Debug */ = {
			isa = XCBuildConfiguration;
			buildSettings = {
				ALWAYS_SEARCH_USER_PATHS = NO;
				CLANG_ANALYZER_NONNULL = YES;
				CLANG_ANALYZER_NUMBER_OBJECT_CONVERSION = YES_AGGRESSIVE;
				CLANG_CXX_LANGUAGE_STANDARD = "gnu++14";
				CLANG_CXX_LIBRARY = "libc++";
				CLANG_ENABLE_MODULES = YES;
				CLANG_ENABLE_OBJC_ARC = YES;
				CLANG_ENABLE_OBJC_WEAK = YES;
				CLANG_WARN_BLOCK_CAPTURE_AUTORELEASING = YES;
				CLANG_WARN_BOOL_CONVERSION = YES;
				CLANG_WARN_COMMA = YES;
				CLANG_WARN_CONSTANT_CONVERSION = YES;
				CLANG_WARN_DEPRECATED_OBJC_IMPLEMENTATIONS = YES;
				CLANG_WARN_DIRECT_OBJC_ISA_USAGE = YES_ERROR;
				CLANG_WARN_DOCUMENTATION_COMMENTS = YES;
				CLANG_WARN_EMPTY_BODY = YES;
				CLANG_WARN_ENUM_CONVERSION = YES;
				CLANG_WARN_INFINITE_RECURSION = YES;
				CLANG_WARN_INT_CONVERSION = YES;
				CLANG_WARN_NON_LITERAL_NULL_CONVERSION = YES;
				CLANG_WARN_OBJC_IMPLICIT_RETAIN_SELF = YES;
				CLANG_WARN_OBJC_LITERAL_CONVERSION = YES;
				CLANG_WARN_OBJC_ROOT_CLASS = YES_ERROR;
				CLANG_WARN_QUOTED_INCLUDE_IN_FRAMEWORK_HEADER = YES;
				CLANG_WARN_RANGE_LOOP_ANALYSIS = YES;
				CLANG_WARN_STRICT_PROTOTYPES = YES;
				CLANG_WARN_SUSPICIOUS_MOVE = YES;
				CLANG_WARN_UNGUARDED_AVAILABILITY = YES_AGGRESSIVE;
				CLANG_WARN_UNREACHABLE_CODE = YES;
				CLANG_WARN__DUPLICATE_METHOD_MATCH = YES;
				COPY_PHASE_STRIP = NO;
				DEBUG_INFORMATION_FORMAT = dwarf;
				ENABLE_STRICT_OBJC_MSGSEND = YES;
				ENABLE_TESTABILITY = YES;
				GCC_C_LANGUAGE_STANDARD = gnu11;
				GCC_DYNAMIC_NO_PIC = NO;
				GCC_NO_COMMON_BLOCKS = YES;
				GCC_OPTIMIZATION_LEVEL = 0;
				GCC_PREPROCESSOR_DEFINITIONS = (
					"DEBUG=1",
					"$(inherited)",
				);
				GCC_WARN_64_TO_32_BIT_CONVERSION = YES;
				GCC_WARN_ABOUT_RETURN_TYPE = YES_ERROR;
				GCC_WARN_UNDECLARED_SELECTOR = YES;
				GCC_WARN_UNINITIALIZED_AUTOS = YES_AGGRESSIVE;
				GCC_WARN_UNUSED_FUNCTION = YES;
				GCC_WARN_UNUSED_VARIABLE = YES;
				IPHONEOS_DEPLOYMENT_TARGET = 14.4;
				MTL_ENABLE_DEBUG_INFO = INCLUDE_SOURCE;
				MTL_FAST_MATH = YES;
				ONLY_ACTIVE_ARCH = YES;
				SDKROOT = iphoneos;
				SWIFT_ACTIVE_COMPILATION_CONDITIONS = DEBUG;
				SWIFT_OPTIMIZATION_LEVEL = "-Onone";
			};
			name = Debug;
		};
		49A4594F260A50AC002ACB59 /* Release */ = {
			isa = XCBuildConfiguration;
			buildSettings = {
				ALWAYS_SEARCH_USER_PATHS = NO;
				CLANG_ANALYZER_NONNULL = YES;
				CLANG_ANALYZER_NUMBER_OBJECT_CONVERSION = YES_AGGRESSIVE;
				CLANG_CXX_LANGUAGE_STANDARD = "gnu++14";
				CLANG_CXX_LIBRARY = "libc++";
				CLANG_ENABLE_MODULES = YES;
				CLANG_ENABLE_OBJC_ARC = YES;
				CLANG_ENABLE_OBJC_WEAK = YES;
				CLANG_WARN_BLOCK_CAPTURE_AUTORELEASING = YES;
				CLANG_WARN_BOOL_CONVERSION = YES;
				CLANG_WARN_COMMA = YES;
				CLANG_WARN_CONSTANT_CONVERSION = YES;
				CLANG_WARN_DEPRECATED_OBJC_IMPLEMENTATIONS = YES;
				CLANG_WARN_DIRECT_OBJC_ISA_USAGE = YES_ERROR;
				CLANG_WARN_DOCUMENTATION_COMMENTS = YES;
				CLANG_WARN_EMPTY_BODY = YES;
				CLANG_WARN_ENUM_CONVERSION = YES;
				CLANG_WARN_INFINITE_RECURSION = YES;
				CLANG_WARN_INT_CONVERSION = YES;
				CLANG_WARN_NON_LITERAL_NULL_CONVERSION = YES;
				CLANG_WARN_OBJC_IMPLICIT_RETAIN_SELF = YES;
				CLANG_WARN_OBJC_LITERAL_CONVERSION = YES;
				CLANG_WARN_OBJC_ROOT_CLASS = YES_ERROR;
				CLANG_WARN_QUOTED_INCLUDE_IN_FRAMEWORK_HEADER = YES;
				CLANG_WARN_RANGE_LOOP_ANALYSIS = YES;
				CLANG_WARN_STRICT_PROTOTYPES = YES;
				CLANG_WARN_SUSPICIOUS_MOVE = YES;
				CLANG_WARN_UNGUARDED_AVAILABILITY = YES_AGGRESSIVE;
				CLANG_WARN_UNREACHABLE_CODE = YES;
				CLANG_WARN__DUPLICATE_METHOD_MATCH = YES;
				COPY_PHASE_STRIP = NO;
				DEBUG_INFORMATION_FORMAT = "dwarf-with-dsym";
				ENABLE_NS_ASSERTIONS = NO;
				ENABLE_STRICT_OBJC_MSGSEND = YES;
				GCC_C_LANGUAGE_STANDARD = gnu11;
				GCC_NO_COMMON_BLOCKS = YES;
				GCC_WARN_64_TO_32_BIT_CONVERSION = YES;
				GCC_WARN_ABOUT_RETURN_TYPE = YES_ERROR;
				GCC_WARN_UNDECLARED_SELECTOR = YES;
				GCC_WARN_UNINITIALIZED_AUTOS = YES_AGGRESSIVE;
				GCC_WARN_UNUSED_FUNCTION = YES;
				GCC_WARN_UNUSED_VARIABLE = YES;
				IPHONEOS_DEPLOYMENT_TARGET = 14.4;
				MTL_ENABLE_DEBUG_INFO = NO;
				MTL_FAST_MATH = YES;
				SDKROOT = iphoneos;
				SWIFT_COMPILATION_MODE = wholemodule;
				SWIFT_OPTIMIZATION_LEVEL = "-O";
				VALIDATE_PRODUCT = YES;
			};
			name = Release;
		};
		49A45951260A50AC002ACB59 /* Debug */ = {
			isa = XCBuildConfiguration;
			baseConfigurationReference = 73E1A37D1B01AEB212DA80D0 /* Pods-MissedCalls.debug.xcconfig */;
			buildSettings = {
				ASSETCATALOG_COMPILER_APPICON_NAME = AppIcon;
				ASSETCATALOG_COMPILER_GLOBAL_ACCENT_COLOR_NAME = AccentColor;
				CODE_SIGN_STYLE = Automatic;
				DEVELOPMENT_TEAM = 4LU2BMBADH;
				INFOPLIST_FILE = MissedCalls/Info.plist;
				LD_RUNPATH_SEARCH_PATHS = (
					"$(inherited)",
					"@executable_path/Frameworks",
				);
				PRODUCT_BUNDLE_IDENTIFIER = a.MissedCalls;
				PRODUCT_NAME = "$(TARGET_NAME)";
				SWIFT_VERSION = 5.0;
				TARGETED_DEVICE_FAMILY = "1,2";
			};
			name = Debug;
		};
		49A45952260A50AC002ACB59 /* Release */ = {
			isa = XCBuildConfiguration;
			baseConfigurationReference = 0949ADC1F356CE5E318B41AA /* Pods-MissedCalls.release.xcconfig */;
			buildSettings = {
				ASSETCATALOG_COMPILER_APPICON_NAME = AppIcon;
				ASSETCATALOG_COMPILER_GLOBAL_ACCENT_COLOR_NAME = AccentColor;
				CODE_SIGN_STYLE = Automatic;
				DEVELOPMENT_TEAM = 4LU2BMBADH;
				INFOPLIST_FILE = MissedCalls/Info.plist;
				LD_RUNPATH_SEARCH_PATHS = (
					"$(inherited)",
					"@executable_path/Frameworks",
				);
				PRODUCT_BUNDLE_IDENTIFIER = a.MissedCalls;
				PRODUCT_NAME = "$(TARGET_NAME)";
				SWIFT_VERSION = 5.0;
				TARGETED_DEVICE_FAMILY = "1,2";
			};
			name = Release;
		};
		49A45954260A50AC002ACB59 /* Debug */ = {
			isa = XCBuildConfiguration;
			buildSettings = {
				ALWAYS_EMBED_SWIFT_STANDARD_LIBRARIES = YES;
				BUNDLE_LOADER = "$(TEST_HOST)";
				CODE_SIGN_STYLE = Automatic;
				DEVELOPMENT_TEAM = 4LU2BMBADH;
				INFOPLIST_FILE = MissedCallsTests/Info.plist;
				IPHONEOS_DEPLOYMENT_TARGET = 14.4;
				LD_RUNPATH_SEARCH_PATHS = (
					"$(inherited)",
					"@executable_path/Frameworks",
					"@loader_path/Frameworks",
				);
				PRODUCT_BUNDLE_IDENTIFIER = a.MissedCallsTests;
				PRODUCT_NAME = "$(TARGET_NAME)";
				SWIFT_VERSION = 5.0;
				TARGETED_DEVICE_FAMILY = "1,2";
				TEST_HOST = "$(BUILT_PRODUCTS_DIR)/MissedCalls.app/MissedCalls";
			};
			name = Debug;
		};
		49A45955260A50AC002ACB59 /* Release */ = {
			isa = XCBuildConfiguration;
			buildSettings = {
				ALWAYS_EMBED_SWIFT_STANDARD_LIBRARIES = YES;
				BUNDLE_LOADER = "$(TEST_HOST)";
				CODE_SIGN_STYLE = Automatic;
				DEVELOPMENT_TEAM = 4LU2BMBADH;
				INFOPLIST_FILE = MissedCallsTests/Info.plist;
				IPHONEOS_DEPLOYMENT_TARGET = 14.4;
				LD_RUNPATH_SEARCH_PATHS = (
					"$(inherited)",
					"@executable_path/Frameworks",
					"@loader_path/Frameworks",
				);
				PRODUCT_BUNDLE_IDENTIFIER = a.MissedCallsTests;
				PRODUCT_NAME = "$(TARGET_NAME)";
				SWIFT_VERSION = 5.0;
				TARGETED_DEVICE_FAMILY = "1,2";
				TEST_HOST = "$(BUILT_PRODUCTS_DIR)/MissedCalls.app/MissedCalls";
			};
			name = Release;
		};
		49A45957260A50AC002ACB59 /* Debug */ = {
			isa = XCBuildConfiguration;
			buildSettings = {
				ALWAYS_EMBED_SWIFT_STANDARD_LIBRARIES = YES;
				CODE_SIGN_STYLE = Automatic;
				DEVELOPMENT_TEAM = 4LU2BMBADH;
				INFOPLIST_FILE = MissedCallsUITests/Info.plist;
				LD_RUNPATH_SEARCH_PATHS = (
					"$(inherited)",
					"@executable_path/Frameworks",
					"@loader_path/Frameworks",
				);
				PRODUCT_BUNDLE_IDENTIFIER = a.MissedCallsUITests;
				PRODUCT_NAME = "$(TARGET_NAME)";
				SWIFT_VERSION = 5.0;
				TARGETED_DEVICE_FAMILY = "1,2";
				TEST_TARGET_NAME = MissedCalls;
			};
			name = Debug;
		};
		49A45958260A50AC002ACB59 /* Release */ = {
			isa = XCBuildConfiguration;
			buildSettings = {
				ALWAYS_EMBED_SWIFT_STANDARD_LIBRARIES = YES;
				CODE_SIGN_STYLE = Automatic;
				DEVELOPMENT_TEAM = 4LU2BMBADH;
				INFOPLIST_FILE = MissedCallsUITests/Info.plist;
				LD_RUNPATH_SEARCH_PATHS = (
					"$(inherited)",
					"@executable_path/Frameworks",
					"@loader_path/Frameworks",
				);
				PRODUCT_BUNDLE_IDENTIFIER = a.MissedCallsUITests;
				PRODUCT_NAME = "$(TARGET_NAME)";
				SWIFT_VERSION = 5.0;
				TARGETED_DEVICE_FAMILY = "1,2";
				TEST_TARGET_NAME = MissedCalls;
			};
			name = Release;
		};
/* End XCBuildConfiguration section */

/* Begin XCConfigurationList section */
		49A4591E260A50AB002ACB59 /* Build configuration list for PBXProject "MissedCalls" */ = {
			isa = XCConfigurationList;
			buildConfigurations = (
				49A4594E260A50AC002ACB59 /* Debug */,
				49A4594F260A50AC002ACB59 /* Release */,
			);
			defaultConfigurationIsVisible = 0;
			defaultConfigurationName = Release;
		};
		49A45950260A50AC002ACB59 /* Build configuration list for PBXNativeTarget "MissedCalls" */ = {
			isa = XCConfigurationList;
			buildConfigurations = (
				49A45951260A50AC002ACB59 /* Debug */,
				49A45952260A50AC002ACB59 /* Release */,
			);
			defaultConfigurationIsVisible = 0;
			defaultConfigurationName = Release;
		};
		49A45953260A50AC002ACB59 /* Build configuration list for PBXNativeTarget "MissedCallsTests" */ = {
			isa = XCConfigurationList;
			buildConfigurations = (
				49A45954260A50AC002ACB59 /* Debug */,
				49A45955260A50AC002ACB59 /* Release */,
			);
			defaultConfigurationIsVisible = 0;
			defaultConfigurationName = Release;
		};
		49A45956260A50AC002ACB59 /* Build configuration list for PBXNativeTarget "MissedCallsUITests" */ = {
			isa = XCConfigurationList;
			buildConfigurations = (
				49A45957260A50AC002ACB59 /* Debug */,
				49A45958260A50AC002ACB59 /* Release */,
			);
			defaultConfigurationIsVisible = 0;
			defaultConfigurationName = Release;
		};
/* End XCConfigurationList section */

/* Begin XCVersionGroup section */
		49A4592F260A50AB002ACB59 /* MissedCalls.xcdatamodeld */ = {
			isa = XCVersionGroup;
			children = (
				49A45930260A50AB002ACB59 /* MissedCalls.xcdatamodel */,
			);
			currentVersion = 49A45930260A50AB002ACB59 /* MissedCalls.xcdatamodel */;
			path = MissedCalls.xcdatamodeld;
			sourceTree = "<group>";
			versionGroupType = wrapper.xcdatamodel;
		};
/* End XCVersionGroup section */
	};
	rootObject = 49A4591B260A50AB002ACB59 /* Project object */;
}
